
Microsoft Visual Studio Solution File, Format Version 12.00
# Visual Studio Version 17
VisualStudioVersion = 17.2.32516.85
MinimumVisualStudioVersion = 10.0.40219.1
Project("{FAE04EC0-301F-11D3-BF4B-00C04F79EFBC}") = "TestTaskWebApi", "TestTaskWebApi\TestTaskWebApi.csproj", "{97C69FA7-572F-4273-B019-029763EAEDC9}"
EndProject
Global
	GlobalSection(SolutionConfigurationPlatforms) = preSolution
		Debug|Any CPU = Debug|Any CPU
		Release|Any CPU = Release|Any CPU
	EndGlobalSection
	GlobalSection(ProjectConfigurationPlatforms) = postSolution
		{97C69FA7-572F-4273-B019-029763EAEDC9}.Debug|Any CPU.ActiveCfg = Debug|Any CPU
		{97C69FA7-572F-4273-B019-029763EAEDC9}.Debug|Any CPU.Build.0 = Debug|Any CPU
		{97C69FA7-572F-4273-B019-029763EAEDC9}.Release|Any CPU.ActiveCfg = Release|Any CPU
		{97C69FA7-572F-4273-B019-029763EAEDC9}.Release|Any CPU.Build.0 = Release|Any CPU
	EndGlobalSection
	GlobalSection(SolutionProperties) = preSolution
		HideSolutionNode = FALSE
	EndGlobalSection
	GlobalSection(ExtensibilityGlobals) = postSolution
		SolutionGuid = {0B1369A6-E39A-458F-BDE2-DCF25B449176}
	EndGlobalSection
EndGlobal
